
Microsoft Visual Studio Solution File, Format Version 12.00
# Visual Studio Version 17
VisualStudioVersion = 17.4.33205.214
MinimumVisualStudioVersion = 10.0.40219.1
Project("{FAE04EC0-301F-11D3-BF4B-00C04F79EFBC}") = "SvgPainter", "SvgPainter\SvgPainter.csproj", "{5E19E21F-AA81-47F8-9370-67749291BCAB}"
EndProject
Global
	GlobalSection(SolutionConfigurationPlatforms) = preSolution
		Debug|Any CPU = Debug|Any CPU
		Release|Any CPU = Release|Any CPU
	EndGlobalSection
	GlobalSection(ProjectConfigurationPlatforms) = postSolution
		{5E19E21F-AA81-47F8-9370-67749291BCAB}.Debug|Any CPU.ActiveCfg = Debug|Any CPU
		{5E19E21F-AA81-47F8-9370-67749291BCAB}.Debug|Any CPU.Build.0 = Debug|Any CPU
		{5E19E21F-AA81-47F8-9370-67749291BCAB}.Release|Any CPU.ActiveCfg = Release|Any CPU
		{5E19E21F-AA81-47F8-9370-67749291BCAB}.Release|Any CPU.Build.0 = Release|Any CPU
	EndGlobalSection
	GlobalSection(SolutionProperties) = preSolution
		HideSolutionNode = FALSE
	EndGlobalSection
	GlobalSection(ExtensibilityGlobals) = postSolution
		SolutionGuid = {131B6EDF-1E0A-45B4-91AF-F66F07076374}
	EndGlobalSection
EndGlobal
